
Microsoft Visual Studio Solution File, Format Version 12.00
# Visual Studio Version 16
VisualStudioVersion = 16.0.29911.84
MinimumVisualStudioVersion = 10.0.40219.1
Project("{FAE04EC0-301F-11D3-BF4B-00C04F79EFBC}") = "GetOneFromTwoLists", "GetOneFromTwoLists\GetOneFromTwoLists.csproj", "{ED8C0DF9-BAD3-4A55-BE53-C4C8F090E692}"
EndProject
Global
	GlobalSection(SolutionConfigurationPlatforms) = preSolution
		Debug|Any CPU = Debug|Any CPU
		Release|Any CPU = Release|Any CPU
	EndGlobalSection
	GlobalSection(ProjectConfigurationPlatforms) = postSolution
		{ED8C0DF9-BAD3-4A55-BE53-C4C8F090E692}.Debug|Any CPU.ActiveCfg = Debug|Any CPU
		{ED8C0DF9-BAD3-4A55-BE53-C4C8F090E692}.Debug|Any CPU.Build.0 = Debug|Any CPU
		{ED8C0DF9-BAD3-4A55-BE53-C4C8F090E692}.Release|Any CPU.ActiveCfg = Release|Any CPU
		{ED8C0DF9-BAD3-4A55-BE53-C4C8F090E692}.Release|Any CPU.Build.0 = Release|Any CPU
	EndGlobalSection
	GlobalSection(SolutionProperties) = preSolution
		HideSolutionNode = FALSE
	EndGlobalSection
	GlobalSection(ExtensibilityGlobals) = postSolution
		SolutionGuid = {34E0E057-8517-4258-BE68-18BFD6225BD0}
	EndGlobalSection
EndGlobal
